# THIS IS AN AUTOGENERATED FILE. DO NOT EDIT THIS FILE DIRECTLY.
# yarn lockfile v1


"@adraffy/ens-normalize@^1.11.0":
  version "1.11.0"
  resolved "https://registry.yarnpkg.com/@adraffy/ens-normalize/-/ens-normalize-1.11.0.tgz#42cc67c5baa407ac25059fcd7d405cc5ecdb0c33"
  integrity sha512-/3DDPKHqqIqxUULp8yP4zODUY1i+2xvVWsv8A79xGWdCAG+8sb0hRh0Rk2QyOJUnnbyPUAZYcpBuRe3nS2OIUg==

"@chainsafe/as-sha256@1.2.0":
  version "1.2.0"
  resolved "https://registry.yarnpkg.com/@chainsafe/as-sha256/-/as-sha256-1.2.0.tgz#5764ac9959e147fe0908dd0f66c0cce525a633b3"
  integrity sha512-H2BNHQ5C3RS+H0ZvOdovK6GjFAyq5T6LClad8ivwj9Oaiy28uvdsGVS7gNJKuZmg0FGHAI+n7F0Qju6U0QkKDA==

"@chainsafe/hashtree-darwin-arm64@1.0.2":
  version "1.0.2"
  resolved "https://registry.yarnpkg.com/@chainsafe/hashtree-darwin-arm64/-/hashtree-darwin-arm64-1.0.2.tgz#fcf09de55e8b666fa86d2136d285a4ea55f066c0"
  integrity sha512-yIIwn9SUR5ZTl2vN1QqRtDFL/w2xYW4o68A1k8UexMbieGAnE7Ab7NvtCZRHRe8x0eONO46F/bWn5bxxyYlFXw==

"@chainsafe/hashtree-linux-arm64-gnu@1.0.2":
  version "1.0.2"
  resolved "https://registry.yarnpkg.com/@chainsafe/hashtree-linux-arm64-gnu/-/hashtree-linux-arm64-gnu-1.0.2.tgz#0af39b6f25ed77a2185151484c67636c3bfd7138"
  integrity sha512-MDz1xBRTRHw2eezGqx1Ff8NoeUUQP3bhbeeVG8ZZTkFYqvRc8O65OQOTtgO+fFGvqnDjVBSRHmiTXU5eNeH/mQ==

"@chainsafe/hashtree-linux-arm64-musl@1.0.2":
  version "1.0.2"
  resolved "https://registry.yarnpkg.com/@chainsafe/hashtree-linux-arm64-musl/-/hashtree-linux-arm64-musl-1.0.2.tgz#40911e7427d88a1febca23f96f83f009977dbbf9"
  integrity sha512-BUy+/9brJwAFAtraro4y/1F+aP/8j/7HrnYdde8PTu7jHWAClI9xZygadaJbk0GoWxyCOUAJKUs8KHVnYxJDeg==

"@chainsafe/hashtree-linux-x64-gnu@1.0.2":
  version "1.0.2"
  resolved "https://registry.yarnpkg.com/@chainsafe/hashtree-linux-x64-gnu/-/hashtree-linux-x64-gnu-1.0.2.tgz#98d30f22200c0a4afd496b1466c51f9a42aa9e4f"
  integrity sha512-bFy9ffFG77SivmeOjOlZmOCrxzQ/WqUESy0I+dW6IX7wquTXHldJKWvohs9+FEn3TSXgeigFmEATz5tfxBfIZw==

"@chainsafe/hashtree-linux-x64-musl@1.0.2":
  version "1.0.2"
  resolved "https://registry.yarnpkg.com/@chainsafe/hashtree-linux-x64-musl/-/hashtree-linux-x64-musl-1.0.2.tgz#b7aa71150dd6c4687a0f529a5cee052e36a99fb3"
  integrity sha512-mbJB3C0RjwpqOMPZIUQm3IBH6d3sYiKDXMU6ORt5nuk7Ix2I80xxffAciDO1d7kKNnW6HStOj5s/rGhIDxK1ug==

"@chainsafe/hashtree-win32-x64-msvc@1.0.2":
  version "1.0.2"
  resolved "https://registry.yarnpkg.com/@chainsafe/hashtree-win32-x64-msvc/-/hashtree-win32-x64-msvc-1.0.2.tgz#1b9fbb3f6a4b51f36b9efd42db9ab0308580b518"
  integrity sha512-wXFhGqaydgadefQbjSTGqZY1R1MBhnJj+gbJhULNRUXco5pHsXfOk3QhCDAefp1PPW+wQwfT4clEnQCqJIf58w==

"@chainsafe/hashtree@1.0.2":
  version "1.0.2"
  resolved "https://registry.yarnpkg.com/@chainsafe/hashtree/-/hashtree-1.0.2.tgz#2a16b49e491bef9e5760cd1010363cb3d1351fb8"
  integrity sha512-OaWjsZ6S/GaT2RvaqdpsF5Mux8qQOE2KbitX2yHmQJZNUZkdh7C3N4PA5LsvewqX+z8Nkv8mr1uSe0LSrHGiQw==
  optionalDependencies:
    "@chainsafe/hashtree-darwin-arm64" "1.0.2"
    "@chainsafe/hashtree-linux-arm64-gnu" "1.0.2"
    "@chainsafe/hashtree-linux-arm64-musl" "1.0.2"
    "@chainsafe/hashtree-linux-x64-gnu" "1.0.2"
    "@chainsafe/hashtree-linux-x64-musl" "1.0.2"
    "@chainsafe/hashtree-win32-x64-msvc" "1.0.2"

"@chainsafe/persistent-merkle-tree@1.2.1":
  version "1.2.1"
  resolved "https://registry.yarnpkg.com/@chainsafe/persistent-merkle-tree/-/persistent-merkle-tree-1.2.1.tgz#80f052e4a04c63304d5198dbf2fa49e104a0365a"
  integrity sha512-AOSEVLfaqwb9eTCKuY1ri0DrRxVQ3Rh+we1VBj1GahUGfEdE8OC3Vkbca7Up6RoI9Ip9FLnI31Y7AjKH9ZqAGA==
  dependencies:
    "@chainsafe/as-sha256" "1.2.0"
    "@chainsafe/hashtree" "1.0.2"
    "@noble/hashes" "^1.3.0"

"@chainsafe/ssz@^1.2.1":
  version "1.2.2"
  resolved "https://registry.yarnpkg.com/@chainsafe/ssz/-/ssz-1.2.2.tgz#3c41b70bac9e646cb4cce0d49bda176ca87984ad"
  integrity sha512-kIA3fJO6h2RsQndsNBlCSQYB4xfdZGMQvNPKPgbiB0mysV6okuxeJU3Nyl16xDCKv3tqej76eGYHcyjMVt7V1w==
  dependencies:
    "@chainsafe/as-sha256" "1.2.0"
    "@chainsafe/persistent-merkle-tree" "1.2.1"

"@ethereumjs/rlp@^10.0.0":
  version "10.0.0"
  resolved "https://registry.yarnpkg.com/@ethereumjs/rlp/-/rlp-10.0.0.tgz#8305d99422b4cde522f5feeb77593687287633c1"
  integrity sha512-h2SK6RxFBfN5ZGykbw8LTNNLckSXZeuUZ6xqnmtF22CzZbHflFMcIOyfVGdvyCVQqIoSbGMHtvyxMCWnOyB9RA==

"@ethereumjs/rlp@^5.0.2":
  version "5.0.2"
  resolved "https://registry.yarnpkg.com/@ethereumjs/rlp/-/rlp-5.0.2.tgz#c89bd82f2f3bec248ab2d517ae25f5bbc4aac842"
  integrity sha512-DziebCdg4JpGlEqEdGgXmjqcFoJi+JGulUXwEjsZGAscAQ7MyD/7LE/GVCP29vEQxKc7AAwjT3A2ywHp2xfoCA==

"@ethereumjs/trie@^6.2.1":
  version "6.2.1"
  resolved "https://registry.yarnpkg.com/@ethereumjs/trie/-/trie-6.2.1.tgz#11d3e91ffd7d565f468a62c0e3d7952063991fa9"
  integrity sha512-MguABMVi/dPtgagK+SuY57rpXFP+Ghr2x+pBDy+e3VmMqUY+WGzFu1QWjBb5/iJ7lINk4CI2Uwsih07Nu9sTSg==
  dependencies:
    "@ethereumjs/rlp" "^5.0.2"
    "@ethereumjs/util" "^9.1.0"
    "@types/readable-stream" "^2.3.13"
    debug "^4.3.4"
    ethereum-cryptography "^2.2.1"
    lru-cache "10.1.0"
    readable-stream "^3.6.0"

"@ethereumjs/util@^10.0.0":
  version "10.0.0"
  resolved "https://registry.yarnpkg.com/@ethereumjs/util/-/util-10.0.0.tgz#1afcb06d769cb979a628a65604ba7e7fb61167ac"
  integrity sha512-lO23alM4uQsv8dp6/yEm4Xw4328+wIRjSeuBO1mRTToUWRcByEMTk87yzBpXgpixpgHrl+9LTn9KB2vvKKtOQQ==
  dependencies:
    "@ethereumjs/rlp" "^10.0.0"
    ethereum-cryptography "^3.2.0"

"@ethereumjs/util@^9.1.0":
  version "9.1.0"
  resolved "https://registry.yarnpkg.com/@ethereumjs/util/-/util-9.1.0.tgz#75e3898a3116d21c135fa9e29886565609129bce"
  integrity sha512-XBEKsYqLGXLah9PNJbgdkigthkG7TAGvlD/sH12beMXEyHDyigfcbdvHhmLyDWgDyOJn4QwiQUaF7yeuhnjdog==
  dependencies:
    "@ethereumjs/rlp" "^5.0.2"
    ethereum-cryptography "^2.2.1"

"@gear-js/bridge@^0.0.1":
  version "0.0.1"
  resolved "https://registry.yarnpkg.com/@gear-js/bridge/-/bridge-0.0.1.tgz#5a035fade4d9ebf6f9affe4889a93daae7ac2ea0"
  integrity sha512-/00UeZWtGTSgE4FWDJhwGo2rcxuElSDc6nOhQ/wHIrxQNWp+nNoSLo17yVpELnFKoU5VHx3pUXHeKuZ2hTMAEQ==
  dependencies:
    "@chainsafe/ssz" "^1.2.1"
    "@ethereumjs/rlp" "^10.0.0"
    "@ethereumjs/trie" "^6.2.1"
    "@ethereumjs/util" "^10.0.0"
    "@lodestar/types" "^1.33.0"

"@lodestar/params@^1.33.0":
  version "1.33.0"
  resolved "https://registry.yarnpkg.com/@lodestar/params/-/params-1.33.0.tgz#794f0ab0923aefc1b5bbd969e9b0f3e0c01bf005"
  integrity sha512-j0fD7Zu9eZNPEd3zEUw5FdAD8zrq2hZ1Mq6LOl69865CwNCW3jRX2TUuLEZ/bw6tJf3fuLYeTOQbRtUQ7RLdvA==

"@lodestar/types@^1.33.0":
  version "1.33.0"
  resolved "https://registry.yarnpkg.com/@lodestar/types/-/types-1.33.0.tgz#d4ba7851e421f9a3f669520445ad9c21815f91eb"
  integrity sha512-TnzxrDA83IlZX65K2SZWT6fE78W4gKB0yd/RFt/Gtd3oB4i8DpENrhSNyNVTnzIsfly9q1FebjPh3faKYWo6Xw==
  dependencies:
    "@chainsafe/ssz" "^1.2.1"
    "@lodestar/params" "^1.33.0"
    ethereum-cryptography "^2.0.0"

"@noble/ciphers@1.3.0", "@noble/ciphers@^1.3.0":
  version "1.3.0"
  resolved "https://registry.yarnpkg.com/@noble/ciphers/-/ciphers-1.3.0.tgz#f64b8ff886c240e644e5573c097f86e5b43676dc"
  integrity sha512-2I0gnIVPtfnMw9ee9h1dJG7tp81+8Ob3OJb3Mv37rx5L40/b0i7djjCVvGOVqc9AEIQyvyu1i6ypKdFw8R8gQw==

"@noble/curves@1.4.2", "@noble/curves@~1.4.0":
  version "1.4.2"
  resolved "https://registry.yarnpkg.com/@noble/curves/-/curves-1.4.2.tgz#40309198c76ed71bc6dbf7ba24e81ceb4d0d1fe9"
  integrity sha512-TavHr8qycMChk8UwMld0ZDRvatedkzWfH8IiaeGCfymOP5i0hSCozz9vHOL0nkwk7HRMlFnAiKpS2jrUmSybcw==
  dependencies:
    "@noble/hashes" "1.4.0"

"@noble/curves@1.9.0":
  version "1.9.0"
  resolved "https://registry.yarnpkg.com/@noble/curves/-/curves-1.9.0.tgz#13e0ca8be4a0ce66c113693a94514e5599f40cfc"
  integrity sha512-7YDlXiNMdO1YZeH6t/kvopHHbIZzlxrCV9WLqCY6QhcXOoXiNCMDqJIglZ9Yjx5+w7Dz30TITFrlTjnRg7sKEg==
  dependencies:
    "@noble/hashes" "1.8.0"

"@noble/curves@1.9.6":
  version "1.9.6"
  resolved "https://registry.yarnpkg.com/@noble/curves/-/curves-1.9.6.tgz#b45ebedca85bb75782f6be7e7f120f0c423c99e0"
  integrity sha512-GIKz/j99FRthB8icyJQA51E8Uk5hXmdyThjgQXRKiv9h0zeRlzSCLIzFw6K1LotZ3XuB7yzlf76qk7uBmTdFqA==
  dependencies:
    "@noble/hashes" "1.8.0"

"@noble/curves@^1.9.1", "@noble/curves@~1.9.0":
  version "1.9.7"
  resolved "https://registry.yarnpkg.com/@noble/curves/-/curves-1.9.7.tgz#79d04b4758a43e4bca2cbdc62e7771352fa6b951"
  integrity sha512-gbKGcRUYIjA3/zCCNaWDciTMFI0dCkvou3TL8Zmy5Nc7sJ47a0jtOeZoTaMxkuqRo9cRhjOdZJXegxYE5FN/xw==
  dependencies:
    "@noble/hashes" "1.8.0"

"@noble/hashes@1.4.0", "@noble/hashes@~1.4.0":
  version "1.4.0"
  resolved "https://registry.yarnpkg.com/@noble/hashes/-/hashes-1.4.0.tgz#45814aa329f30e4fe0ba49426f49dfccdd066426"
  integrity sha512-V1JJ1WTRUqHHrOSh597hURcMqVKVGL/ea3kv0gSnEdsEZ0/+VyPghM1lMNGc00z7CIQorSvbKpuJkxvuHbvdbg==

"@noble/hashes@1.8.0", "@noble/hashes@^1.3.0", "@noble/hashes@^1.8.0", "@noble/hashes@~1.8.0":
  version "1.8.0"
  resolved "https://registry.yarnpkg.com/@noble/hashes/-/hashes-1.8.0.tgz#cee43d801fcef9644b11b8194857695acd5f815a"
  integrity sha512-jCs9ldd7NwzpgXDIf6P3+NrHh9/sD6CQdxHyjQI+h/6rDNo88ypBxxz45UDuZHz9r3tNz7N/VInSVoVdtXEI4A==

"@scure/base@~1.1.6":
  version "1.1.9"
  resolved "https://registry.yarnpkg.com/@scure/base/-/base-1.1.9.tgz#e5e142fbbfe251091f9c5f1dd4c834ac04c3dbd1"
  integrity sha512-8YKhl8GHiNI/pU2VMaofa2Tor7PJRAjwQLBBuilkJ9L5+13yVbC7JO/wS7piioAvPSwR3JKM1IJ/u4xQzbcXKg==

"@scure/base@~1.2.5":
  version "1.2.6"
  resolved "https://registry.yarnpkg.com/@scure/base/-/base-1.2.6.tgz#ca917184b8231394dd8847509c67a0be522e59f6"
  integrity sha512-g/nm5FgUa//MCj1gV09zTJTaM6KBAHqLN907YVQqf7zC49+DcO4B1so4ZX07Ef10Twr6nuqYEH9GEggFXA4Fmg==

"@scure/bip32@1.4.0":
  version "1.4.0"
  resolved "https://registry.yarnpkg.com/@scure/bip32/-/bip32-1.4.0.tgz#4e1f1e196abedcef395b33b9674a042524e20d67"
  integrity sha512-sVUpc0Vq3tXCkDGYVWGIZTRfnvu8LoTDaev7vbwh0omSvVORONr960MQWdKqJDCReIEmTj3PAr73O3aoxz7OPg==
  dependencies:
    "@noble/curves" "~1.4.0"
    "@noble/hashes" "~1.4.0"
    "@scure/base" "~1.1.6"

"@scure/bip32@1.7.0", "@scure/bip32@^1.7.0":
  version "1.7.0"
  resolved "https://registry.yarnpkg.com/@scure/bip32/-/bip32-1.7.0.tgz#b8683bab172369f988f1589640e53c4606984219"
  integrity sha512-E4FFX/N3f4B80AKWp5dP6ow+flD1LQZo/w8UnLGYZO674jS6YnYeepycOOksv+vLPSpgN35wgKgy+ybfTb2SMw==
  dependencies:
    "@noble/curves" "~1.9.0"
    "@noble/hashes" "~1.8.0"
    "@scure/base" "~1.2.5"

"@scure/bip39@1.3.0":
  version "1.3.0"
  resolved "https://registry.yarnpkg.com/@scure/bip39/-/bip39-1.3.0.tgz#0f258c16823ddd00739461ac31398b4e7d6a18c3"
  integrity sha512-disdg7gHuTDZtY+ZdkmLpPCk7fxZSu3gBiEGuoC1XYxv9cGx3Z6cpTggCgW6odSOOIXCiDjuGejW+aJKCY/pIQ==
  dependencies:
    "@noble/hashes" "~1.4.0"
    "@scure/base" "~1.1.6"

"@scure/bip39@1.6.0", "@scure/bip39@^1.6.0":
  version "1.6.0"
  resolved "https://registry.yarnpkg.com/@scure/bip39/-/bip39-1.6.0.tgz#475970ace440d7be87a6086cbee77cb8f1a684f9"
  integrity sha512-+lF0BbLiJNwVlev4eKelw1WWLaiKXw7sSl8T6FvBlWkdX+94aGJ4o8XjUdlyhTCjd8c+B3KT3JfS8P0bLRNU6A==
  dependencies:
    "@noble/hashes" "~1.8.0"
    "@scure/base" "~1.2.5"

"@types/node@*":
  version "24.3.0"
  resolved "https://registry.yarnpkg.com/@types/node/-/node-24.3.0.tgz#89b09f45cb9a8ee69466f18ee5864e4c3eb84dec"
  integrity sha512-aPTXCrfwnDLj4VvXrm+UUCQjNEvJgNA8s5F1cvwQU+3KNltTOkBm1j30uNLyqqPNe7gE3KFzImYoZEfLhp4Yow==
  dependencies:
    undici-types "~7.10.0"

"@types/readable-stream@^2.3.13":
  version "2.3.15"
  resolved "https://registry.yarnpkg.com/@types/readable-stream/-/readable-stream-2.3.15.tgz#3d79c9ceb1b6a57d5f6e6976f489b9b5384321ae"
  integrity sha512-oM5JSKQCcICF1wvGgmecmHldZ48OZamtMxcGGVICOJA8o8cahXC1zEVAif8iwoc5j8etxFaRFnf095+CDsuoFQ==
  dependencies:
    "@types/node" "*"
    safe-buffer "~5.1.1"

abitype@1.0.8:
  version "1.0.8"
  resolved "https://registry.yarnpkg.com/abitype/-/abitype-1.0.8.tgz#3554f28b2e9d6e9f35eb59878193eabd1b9f46ba"
  integrity sha512-ZeiI6h3GnW06uYDLx0etQtX/p8E24UaHHBj57RSjK7YBFe7iuVn07EDpOeP451D06sF27VOz9JJPlIKJmXgkEg==

abitype@^1.0.8:
  version "1.0.9"
  resolved "https://registry.yarnpkg.com/abitype/-/abitype-1.0.9.tgz#f66940f69caf2b6c190088a017e289dbe41090a6"
  integrity sha512-oN0S++TQmlwWuB+rkA6aiEefLv3SP+2l/tC5mux/TLj6qdA6rF15Vbpex4fHovLsMkwLwTIRj8/Q8vXCS3GfOg==

debug@^4.3.4:
  version "4.4.1"
  resolved "https://registry.yarnpkg.com/debug/-/debug-4.4.1.tgz#e5a8bc6cbc4c6cd3e64308b0693a3d4fa550189b"
  integrity sha512-KcKCqiftBJcZr++7ykoDIEwSa3XWowTfNPo92BYxjXiyYEVrUQh2aLyhxBCwww+heortUFxEJYcRzosstTEBYQ==
  dependencies:
    ms "^2.1.3"

ethereum-cryptography@^2.0.0, ethereum-cryptography@^2.2.1:
  version "2.2.1"
  resolved "https://registry.yarnpkg.com/ethereum-cryptography/-/ethereum-cryptography-2.2.1.tgz#58f2810f8e020aecb97de8c8c76147600b0b8ccf"
  integrity sha512-r/W8lkHSiTLxUxW8Rf3u4HGB0xQweG2RyETjywylKZSzLWoWAijRz8WCuOtJ6wah+avllXBqZuk29HCCvhEIRg==
  dependencies:
    "@noble/curves" "1.4.2"
    "@noble/hashes" "1.4.0"
    "@scure/bip32" "1.4.0"
    "@scure/bip39" "1.3.0"

ethereum-cryptography@^3.2.0:
  version "3.2.0"
  resolved "https://registry.yarnpkg.com/ethereum-cryptography/-/ethereum-cryptography-3.2.0.tgz#42a04b57834bf536e552b50a70b9ee5057c71dc6"
  integrity sha512-Urr5YVsalH+Jo0sYkTkv1MyI9bLYZwW8BENZCeE1QYaTHETEYx0Nv/SVsWkSqpYrzweg6d8KMY1wTjH/1m/BIg==
  dependencies:
    "@noble/ciphers" "1.3.0"
    "@noble/curves" "1.9.0"
    "@noble/hashes" "1.8.0"
    "@scure/bip32" "1.7.0"
    "@scure/bip39" "1.6.0"

eventemitter3@5.0.1:
  version "5.0.1"
  resolved "https://registry.yarnpkg.com/eventemitter3/-/eventemitter3-5.0.1.tgz#53f5ffd0a492ac800721bb42c66b841de96423c4"
  integrity sha512-GWkBvjiSZK87ELrYOSESUYeVIc9mvLLf/nXalMOS5dYrgZq9o5OVkbZAVM06CVxYsCwH9BDZFPlQTlPA1j4ahA==

inherits@^2.0.3:
  version "2.0.4"
  resolved "https://registry.yarnpkg.com/inherits/-/inherits-2.0.4.tgz#0fa2c64f932917c3433a0ded55363aae37416b7c"
  integrity sha512-k/vGaX4/Yla3WzyMCvTQOXYeIHvqOKtnqBduzTHpzpQZzAskKMhZ2K+EnBiSM9zGSoIFeMpXKxa4dYeZIQqewQ==

isows@1.0.7:
  version "1.0.7"
  resolved "https://registry.yarnpkg.com/isows/-/isows-1.0.7.tgz#1c06400b7eed216fbba3bcbd68f12490fc342915"
  integrity sha512-I1fSfDCZL5P0v33sVqeTDSpcstAg/N+wF5HS033mogOVIp4B+oHC7oOCsA3axAbBSGTJ8QubbNmnIRN/h8U7hg==

lru-cache@10.1.0:
  version "10.1.0"
  resolved "https://registry.yarnpkg.com/lru-cache/-/lru-cache-10.1.0.tgz#2098d41c2dc56500e6c88584aa656c84de7d0484"
  integrity sha512-/1clY/ui8CzjKFyjdvwPWJUYKiFVXG2I2cY0ssG7h4+hwk+XOIX7ZSG9Q7TW8TW3Kp3BUSqgFWBLgL4PJ+Blag==

ms@^2.1.3:
  version "2.1.3"
  resolved "https://registry.yarnpkg.com/ms/-/ms-2.1.3.tgz#574c8138ce1d2b5861f0b44579dbadd60c6615b2"
  integrity sha512-6FlzubTLZG3J2a/NVCAleEhjzq5oxgHyaCU9yYXvcLsvoVaHJq/s5xXI6/XXP6tz7R9xAOtHnSO/tXtF3WRTlA==

ox@0.9.1:
  version "0.9.1"
  resolved "https://registry.yarnpkg.com/ox/-/ox-0.9.1.tgz#d3300afe70c5b2ec50a9df3097f8bb0523b306a5"
  integrity sha512-NVI0cajROntJWtFnxZQ1aXDVy+c6DLEXJ3wwON48CgbPhmMJrpRTfVbuppR+47RmXm3lZ/uMaKiFSkLdAO1now==
  dependencies:
    "@adraffy/ens-normalize" "^1.11.0"
    "@noble/ciphers" "^1.3.0"
    "@noble/curves" "^1.9.1"
    "@noble/hashes" "^1.8.0"
    "@scure/bip32" "^1.7.0"
    "@scure/bip39" "^1.6.0"
    abitype "^1.0.8"
    eventemitter3 "5.0.1"

readable-stream@^3.6.0:
  version "3.6.2"
  resolved "https://registry.yarnpkg.com/readable-stream/-/readable-stream-3.6.2.tgz#56a9b36ea965c00c5a93ef31eb111a0f11056967"
  integrity sha512-9u/sniCrY3D5WdsERHzHE4G2YCXqoG5FTHUiCC4SIbr6XcLZBY05ya9EKjYek9O5xOAwjGq+1JdGBAS7Q9ScoA==
  dependencies:
    inherits "^2.0.3"
    string_decoder "^1.1.1"
    util-deprecate "^1.0.1"

safe-buffer@~5.1.1:
  version "5.1.2"
  resolved "https://registry.yarnpkg.com/safe-buffer/-/safe-buffer-5.1.2.tgz#991ec69d296e0313747d59bdfd2b745c35f8828d"
  integrity sha512-Gd2UZBJDkXlY7GbJxfsE8/nvKkUEU1G38c1siN6QP6a9PT9MmHB8GnpscSmMJSoF8LOIrt8ud/wPtojys4G6+g==

safe-buffer@~5.2.0:
  version "5.2.1"
  resolved "https://registry.yarnpkg.com/safe-buffer/-/safe-buffer-5.2.1.tgz#1eaf9fa9bdb1fdd4ec75f58f9cdb4e6b7827eec6"
  integrity sha512-rp3So07KcdmmKbGvgaNxQSJr7bGVSVk5S9Eq1F+ppbRo70+YeaDxkw5Dd8NPN+GD6bjnYm2VuPuCXmpuYvmCXQ==

string_decoder@^1.1.1:
  version "1.3.0"
  resolved "https://registry.yarnpkg.com/string_decoder/-/string_decoder-1.3.0.tgz#42f114594a46cf1a8e30b0a84f56c78c3edac21e"
  integrity sha512-hkRX8U1WjJFd8LsDJ2yQ/wWWxaopEsABU1XfkM8A+j0+85JAGppt16cr1Whg6KIbb4okU6Mql6BOj+uup/wKeA==
  dependencies:
    safe-buffer "~5.2.0"

undici-types@~7.10.0:
  version "7.10.0"
  resolved "https://registry.yarnpkg.com/undici-types/-/undici-types-7.10.0.tgz#4ac2e058ce56b462b056e629cc6a02393d3ff350"
  integrity sha512-t5Fy/nfn+14LuOc2KNYg75vZqClpAiqscVvMygNnlsHBFpSXdJaYtXMcdNLpl/Qvc3P2cB3s6lOV51nqsFq4ag==

util-deprecate@^1.0.1:
  version "1.0.2"
  resolved "https://registry.yarnpkg.com/util-deprecate/-/util-deprecate-1.0.2.tgz#450d4dc9fa70de732762fbd2d4a28981419a0ccf"
  integrity sha512-EPD5q1uXyFxJpCrLnCc1nHnq3gOa6DZBocAIiI2TaSCA7VCJ1UJDMagCzIkXNsUYfD1daK//LTEQ8xiIbrHtcw==

viem@^2.36.0:
  version "2.36.0"
  resolved "https://registry.yarnpkg.com/viem/-/viem-2.36.0.tgz#e564484018c6e4432dfa936fdda4ca585008d4f7"
  integrity sha512-Xz7AkGtR43K+NY74X2lBevwfRrsXuifGUzt8QiULO47NXIcT7g3jcA4nIvl5m2OTE5v8SlzishwXmg64xOIVmQ==
  dependencies:
    "@noble/curves" "1.9.6"
    "@noble/hashes" "1.8.0"
    "@scure/bip32" "1.7.0"
    "@scure/bip39" "1.6.0"
    abitype "1.0.8"
    isows "1.0.7"
    ox "0.9.1"
    ws "8.18.3"

ws@8.18.3:
  version "8.18.3"
  resolved "https://registry.yarnpkg.com/ws/-/ws-8.18.3.tgz#b56b88abffde62791c639170400c93dcb0c95472"
  integrity sha512-PEIGCY5tSlUt50cqyMXfCzX+oOPqN0vuGqWzbcJ2xvnkzkq46oOpz7dQaTDBdfICb4N14+GARUDw2XV2N4tvzg==
